// !$*UTF8*$!
{
	archiveVersion = 1;
	classes = {
	};
	objectVersion = 50;
	objects = {

/* Begin PBXBuildFile section */
		F049D06224230E5000705088 /* AppDelegate.m in Sources */ = {isa = PBXBuildFile; fileRef = F049D06124230E5000705088 /* AppDelegate.m */; };
		F049D06524230E5000705088 /* SceneDelegate.m in Sources */ = {isa = PBXBuildFile; fileRef = F049D06424230E5000705088 /* SceneDelegate.m */; };
		F049D06824230E5000705088 /* ViewController.m in Sources */ = {isa = PBXBuildFile; fileRef = F049D06724230E5000705088 /* ViewController.m */; };
		F049D06B24230E5000705088 /* Main.storyboard in Resources */ = {isa = PBXBuildFile; fileRef = F049D06924230E5000705088 /* Main.storyboard */; };
		F049D06D24230E5100705088 /* Assets.xcassets in Resources */ = {isa = PBXBuildFile; fileRef = F049D06C24230E5100705088 /* Assets.xcassets */; };
		F049D07024230E5100705088 /* LaunchScreen.storyboard in Resources */ = {isa = PBXBuildFile; fileRef = F049D06E24230E5100705088 /* LaunchScreen.storyboard */; };
		F049D07324230E5100705088 /* main.m in Sources */ = {isa = PBXBuildFile; fileRef = F049D07224230E5100705088 /* main.m */; };
		F049D07D24230E5100705088 /* testTests.m in Sources */ = {isa = PBXBuildFile; fileRef = F049D07C24230E5100705088 /* testTests.m */; };
		F049D08824230E5100705088 /* testUITests.m in Sources */ = {isa = PBXBuildFile; fileRef = F049D08724230E5100705088 /* testUITests.m */; };
/* End PBXBuildFile section */

/* Begin PBXContainerItemProxy section */
		F049D07924230E5100705088 /* PBXContainerItemProxy */ = {
			isa = PBXContainerItemProxy;
			containerPortal = F049D05524230E5000705088 /* Project object */;
			proxyType = 1;
			remoteGlobalIDString = F049D05C24230E5000705088;
			remoteInfo = test;
		};
		F049D08424230E5100705088 /* PBXContainerItemProxy */ = {
			isa = PBXContainerItemProxy;
			containerPortal = F049D05524230E5000705088 /* Project object */;
			proxyType = 1;
			remoteGlobalIDString = F049D05C24230E5000705088;
			remoteInfo = test;
		};
/* End PBXContainerItemProxy section */

/* Begin PBXFileReference section */
		F049D05D24230E5000705088 /* test.app */ = {isa = PBXFileReference; explicitFileType = wrapper.application; includeInIndex = 0; path = test.app; sourceTree = BUILT_PRODUCTS_DIR; };
		F049D06024230E5000705088 /* AppDelegate.h */ = {isa = PBXFileReference; lastKnownFileType = sourcecode.c.h; path = AppDelegate.h; sourceTree = "<group>"; };
		F049D06124230E5000705088 /* AppDelegate.m */ = {isa = PBXFileReference; lastKnownFileType = sourcecode.c.objc; path = AppDelegate.m; sourceTree = "<group>"; };
		F049D06324230E5000705088 /* SceneDelegate.h */ = {isa = PBXFileReference; lastKnownFileType = sourcecode.c.h; path = SceneDelegate.h; sourceTree = "<group>"; };
		F049D06424230E5000705088 /* SceneDelegate.m */ = {isa = PBXFileReference; lastKnownFileType = sourcecode.c.objc; path = SceneDelegate.m; sourceTree = "<group>"; };
		F049D06624230E5000705088 /* ViewController.h */ = {isa = PBXFileReference; lastKnownFileType = sourcecode.c.h; path = ViewController.h; sourceTree = "<group>"; };
		F049D06724230E5000705088 /* ViewController.m */ = {isa = PBXFileReference; lastKnownFileType = sourcecode.c.objc; path = ViewController.m; sourceTree = "<group>"; };
		F049D06A24230E5000705088 /* Base */ = {isa = PBXFileReference; lastKnownFileType = file.storyboard; name = Base; path = Base.lproj/Main.storyboard; sourceTree = "<group>"; };
		F049D06C24230E5100705088 /* Assets.xcassets */ = {isa = PBXFileReference; lastKnownFileType = folder.assetcatalog; path = Assets.xcassets; sourceTree = "<group>"; };
		F049D06F24230E5100705088 /* Base */ = {isa = PBXFileReference; lastKnownFileType = file.storyboard; name = Base; path = Base.lproj/LaunchScreen.storyboard; sourceTree = "<group>"; };
		F049D07124230E5100705088 /* Info.plist */ = {isa = PBXFileReference; lastKnownFileType = text.plist.xml; path = Info.plist; sourceTree = "<group>"; };
		F049D07224230E5100705088 /* main.m */ = {isa = PBXFileReference; lastKnownFileType = sourcecode.c.objc; path = main.m; sourceTree = "<group>"; };
		F049D07824230E5100705088 /* testTests.xctest */ = {isa = PBXFileReference; explicitFileType = wrapper.cfbundle; includeInIndex = 0; path = testTests.xctest; sourceTree = BUILT_PRODUCTS_DIR; };
		F049D07C24230E5100705088 /* testTests.m */ = {isa = PBXFileReference; lastKnownFileType = sourcecode.c.objc; path = testTests.m; sourceTree = "<group>"; };
		F049D07E24230E5100705088 /* Info.plist */ = {isa = PBXFileReference; lastKnownFileType = text.plist.xml; path = Info.plist; sourceTree = "<group>"; };
		F049D08324230E5100705088 /* testUITests.xctest */ = {isa = PBXFileReference; explicitFileType = wrapper.cfbundle; includeInIndex = 0; path = testUITests.xctest; sourceTree = BUILT_PRODUCTS_DIR; };
		F049D08724230E5100705088 /* testUITests.m */ = {isa = PBXFileReference; lastKnownFileType = sourcecode.c.objc; path = testUITests.m; sourceTree = "<group>"; };
		F049D08924230E5100705088 /* Info.plist */ = {isa = PBXFileReference; lastKnownFileType = text.plist.xml; path = Info.plist; sourceTree = "<group>"; };
/* End PBXFileReference section */

/* Begin PBXFrameworksBuildPhase section */
		F049D05A24230E5000705088 /* Frameworks */ = {
			isa = PBXFrameworksBuildPhase;
			buildActionMask = 2147483647;
			files = (
			);
			runOnlyForDeploymentPostprocessing = 0;
		};
		F049D07524230E5100705088 /* Frameworks */ = {
			isa = PBXFrameworksBuildPhase;
			buildActionMask = 2147483647;
			files = (
			);
			runOnlyForDeploymentPostprocessing = 0;
		};
		F049D08024230E5100705088 /* Frameworks */ = {
			isa = PBXFrameworksBuildPhase;
			buildActionMask = 2147483647;
			files = (
			);
			runOnlyForDeploymentPostprocessing = 0;
		};
/* End PBXFrameworksBuildPhase section */

/* Begin PBXGroup section */
		F049D05424230E5000705088 = {
			isa = PBXGroup;
			children = (
				F049D05F24230E5000705088 /* test */,
				F049D07B24230E5100705088 /* testTests */,
				F049D08624230E5100705088 /* testUITests */,
				F049D05E24230E5000705088 /* Products */,
			);
			sourceTree = "<group>";
		};
		F049D05E24230E5000705088 /* Products */ = {
			isa = PBXGroup;
			children = (
				F049D05D24230E5000705088 /* test.app */,
				F049D07824230E5100705088 /* testTests.xctest */,
				F049D08324230E5100705088 /* testUITests.xctest */,
			);
			name = Products;
			sourceTree = "<group>";
		};
		F049D05F24230E5000705088 /* test */ = {
			isa = PBXGroup;
			children = (
				F049D06024230E5000705088 /* AppDelegate.h */,
				F049D06124230E5000705088 /* AppDelegate.m */,
				F049D06324230E5000705088 /* SceneDelegate.h */,
				F049D06424230E5000705088 /* SceneDelegate.m */,
				F049D06624230E5000705088 /* ViewController.h */,
				F049D06724230E5000705088 /* ViewController.m */,
				F049D06924230E5000705088 /* Main.storyboard */,
				F049D06C24230E5100705088 /* Assets.xcassets */,
				F049D06E24230E5100705088 /* LaunchScreen.storyboard */,
				F049D07124230E5100705088 /* Info.plist */,
				F049D07224230E5100705088 /* main.m */,
			);
			path = test;
			sourceTree = "<group>";
		};
		F049D07B24230E5100705088 /* testTests */ = {
			isa = PBXGroup;
			children = (
				F049D07C24230E5100705088 /* testTests.m */,
				F049D07E24230E5100705088 /* Info.plist */,
			);
			path = testTests;
			sourceTree = "<group>";
		};
		F049D08624230E5100705088 /* testUITests */ = {
			isa = PBXGroup;
			children = (
				F049D08724230E5100705088 /* testUITests.m */,
				F049D08924230E5100705088 /* Info.plist */,
			);
			path = testUITests;
			sourceTree = "<group>";
		};
/* End PBXGroup section */

/* Begin PBXNativeTarget section */
		F049D05C24230E5000705088 /* test */ = {
			isa = PBXNativeTarget;
			buildConfigurationList = F049D08C24230E5100705088 /* Build configuration list for PBXNativeTarget "test" */;
			buildPhases = (
				F049D05924230E5000705088 /* Sources */,
				F049D05A24230E5000705088 /* Frameworks */,
				F049D05B24230E5000705088 /* Resources */,
			);
			buildRules = (
			);
			dependencies = (
			);
			name = test;
			productName = test;
			productReference = F049D05D24230E5000705088 /* test.app */;
			productType = "com.apple.product-type.application";
		};
		F049D07724230E5100705088 /* testTests */ = {
			isa = PBXNativeTarget;
			buildConfigurationList = F049D08F24230E5100705088 /* Build configuration list for PBXNativeTarget "testTests" */;
			buildPhases = (
				F049D07424230E5100705088 /* Sources */,
				F049D07524230E5100705088 /* Frameworks */,
				F049D07624230E5100705088 /* Resources */,
			);
			buildRules = (
			);
			dependencies = (
				F049D07A24230E5100705088 /* PBXTargetDependency */,
			);
			name = testTests;
			productName = testTests;
			productReference = F049D07824230E5100705088 /* testTests.xctest */;
			productType = "com.apple.product-type.bundle.unit-test";
		};
		F049D08224230E5100705088 /* testUITests */ = {
			isa = PBXNativeTarget;
			buildConfigurationList = F049D09224230E5100705088 /* Build configuration list for PBXNativeTarget "testUITests" */;
			buildPhases = (
				F049D07F24230E5100705088 /* Sources */,
				F049D08024230E5100705088 /* Frameworks */,
				F049D08124230E5100705088 /* Resources */,
			);
			buildRules = (
			);
			dependencies = (
				F049D08524230E5100705088 /* PBXTargetDependency */,
			);
			name = testUITests;
			productName = testUITests;
			productReference = F049D08324230E5100705088 /* testUITests.xctest */;
			productType = "com.apple.product-type.bundle.ui-testing";
		};
/* End PBXNativeTarget section */

/* Begin PBXProject section */
		F049D05524230E5000705088 /* Project object */ = {
			isa = PBXProject;
			attributes = {
				LastUpgradeCheck = 1130;
				ORGANIZATIONNAME = "曲超";
				TargetAttributes = {
					F049D05C24230E5000705088 = {
						CreatedOnToolsVersion = 11.3.1;
					};
					F049D07724230E5100705088 = {
						CreatedOnToolsVersion = 11.3.1;
						TestTargetID = F049D05C24230E5000705088;
					};
					F049D08224230E5100705088 = {
						CreatedOnToolsVersion = 11.3.1;
						TestTargetID = F049D05C24230E5000705088;
					};
				};
			};
			buildConfigurationList = F049D05824230E5000705088 /* Build configuration list for PBXProject "test" */;
			compatibilityVersion = "Xcode 9.3";
			developmentRegion = en;
			hasScannedForEncodings = 0;
			knownRegions = (
				en,
				Base,
			);
			mainGroup = F049D05424230E5000705088;
			productRefGroup = F049D05E24230E5000705088 /* Products */;
			projectDirPath = "";
			projectRoot = "";
			targets = (
				F049D05C24230E5000705088 /* test */,
				F049D07724230E5100705088 /* testTests */,
				F049D08224230E5100705088 /* testUITests */,
			);
		};
/* End PBXProject section */

/* Begin PBXResourcesBuildPhase section */
		F049D05B24230E5000705088 /* Resources */ = {
			isa = PBXResourcesBuildPhase;
			buildActionMask = 2147483647;
			files = (
				F049D07024230E5100705088 /* LaunchScreen.storyboard in Resources */,
				F049D06D24230E5100705088 /* Assets.xcassets in Resources */,
				F049D06B24230E5000705088 /* Main.storyboard in Resources */,
			);
			runOnlyForDeploymentPostprocessing = 0;
		};
		F049D07624230E5100705088 /* Resources */ = {
			isa = PBXResourcesBuildPhase;
			buildActionMask = 2147483647;
			files = (
			);
			runOnlyForDeploymentPostprocessing = 0;
		};
		F049D08124230E5100705088 /* Resources */ = {
			isa = PBXResourcesBuildPhase;
			buildActionMask = 2147483647;
			files = (
			);
			runOnlyForDeploymentPostprocessing = 0;
		};
/* End PBXResourcesBuildPhase section */

/* Begin PBXSourcesBuildPhase section */
		F049D05924230E5000705088 /* Sources */ = {
			isa = PBXSourcesBuildPhase;
			buildActionMask = 2147483647;
			files = (
				F049D06824230E5000705088 /* ViewController.m in Sources */,
				F049D06224230E5000705088 /* AppDelegate.m in Sources */,
				F049D07324230E5100705088 /* main.m in Sources */,
				F049D06524230E5000705088 /* SceneDelegate.m in Sources */,
			);
			runOnlyForDeploymentPostprocessing = 0;
		};
		F049D07424230E5100705088 /* Sources */ = {
			isa = PBXSourcesBuildPhase;
			buildActionMask = 2147483647;
			files = (
				F049D07D24230E5100705088 /* testTests.m in Sources */,
			);
			runOnlyForDeploymentPostprocessing = 0;
		};
		F049D07F24230E5100705088 /* Sources */ = {
			isa = PBXSourcesBuildPhase;
			buildActionMask = 2147483647;
			files = (
				F049D08824230E5100705088 /* testUITests.m in Sources */,
			);
			runOnlyForDeploymentPostprocessing = 0;
		};
/* End PBXSourcesBuildPhase section */

/* Begin PBXTargetDependency section */
		F049D07A24230E5100705088 /* PBXTargetDependency */ = {
			isa = PBXTargetDependency;
			target = F049D05C24230E5000705088 /* test */;
			targetProxy = F049D07924230E5100705088 /* PBXContainerItemProxy */;
		};
		F049D08524230E5100705088 /* PBXTargetDependency */ = {
			isa = PBXTargetDependency;
			target = F049D05C24230E5000705088 /* test */;
			targetProxy = F049D08424230E5100705088 /* PBXContainerItemProxy */;
		};
/* End PBXTargetDependency section */

/* Begin PBXVariantGroup section */
		F049D06924230E5000705088 /* Main.storyboard */ = {
			isa = PBXVariantGroup;
			children = (
				F049D06A24230E5000705088 /* Base */,
			);
			name = Main.storyboard;
			sourceTree = "<group>";
		};
		F049D06E24230E5100705088 /* LaunchScreen.storyboard */ = {
			isa = PBXVariantGroup;
			children = (
				F049D06F24230E5100705088 /* Base */,
			);
			name = LaunchScreen.storyboard;
			sourceTree = "<group>";
		};
/* End PBXVariantGroup section */

/* Begin XCBuildConfiguration section */
		F049D08A24230E5100705088 /* Debug */ = {
			isa = XCBuildConfiguration;
			buildSettings = {
				ALWAYS_SEARCH_USER_PATHS = NO;
				CLANG_ANALYZER_NONNULL = YES;
				CLANG_ANALYZER_NUMBER_OBJECT_CONVERSION = YES_AGGRESSIVE;
				CLANG_CXX_LANGUAGE_STANDARD = "gnu++14";
				CLANG_CXX_LIBRARY = "libc++";
				CLANG_ENABLE_MODULES = YES;
				CLANG_ENABLE_OBJC_ARC = YES;
				CLANG_ENABLE_OBJC_WEAK = YES;
				CLANG_WARN_BLOCK_CAPTURE_AUTORELEASING = YES;
				CLANG_WARN_BOOL_CONVERSION = YES;
				CLANG_WARN_COMMA = YES;
				CLANG_WARN_CONSTANT_CONVERSION = YES;
				CLANG_WARN_DEPRECATED_OBJC_IMPLEMENTATIONS = YES;
				CLANG_WARN_DIRECT_OBJC_ISA_USAGE = YES_ERROR;
				CLANG_WARN_DOCUMENTATION_COMMENTS = YES;
				CLANG_WARN_EMPTY_BODY = YES;
				CLANG_WARN_ENUM_CONVERSION = YES;
				CLANG_WARN_INFINITE_RECURSION = YES;
				CLANG_WARN_INT_CONVERSION = YES;
				CLANG_WARN_NON_LITERAL_NULL_CONVERSION = YES;
				CLANG_WARN_OBJC_IMPLICIT_RETAIN_SELF = YES;
				CLANG_WARN_OBJC_LITERAL_CONVERSION = YES;
				CLANG_WARN_OBJC_ROOT_CLASS = YES_ERROR;
				CLANG_WARN_RANGE_LOOP_ANALYSIS = YES;
				CLANG_WARN_STRICT_PROTOTYPES = YES;
				CLANG_WARN_SUSPICIOUS_MOVE = YES;
				CLANG_WARN_UNGUARDED_AVAILABILITY = YES_AGGRESSIVE;
				CLANG_WARN_UNREACHABLE_CODE = YES;
				CLANG_WARN__DUPLICATE_METHOD_MATCH = YES;
				COPY_PHASE_STRIP = NO;
				DEBUG_INFORMATION_FORMAT = dwarf;
				ENABLE_STRICT_OBJC_MSGSEND = YES;
				ENABLE_TESTABILITY = YES;
				GCC_C_LANGUAGE_STANDARD = gnu11;
				GCC_DYNAMIC_NO_PIC = NO;
				GCC_NO_COMMON_BLOCKS = YES;
				GCC_OPTIMIZATION_LEVEL = 0;
				GCC_PREPROCESSOR_DEFINITIONS = (
					"DEBUG=1",
					"$(inherited)",
				);
				GCC_WARN_64_TO_32_BIT_CONVERSION = YES;
				GCC_WARN_ABOUT_RETURN_TYPE = YES_ERROR;
				GCC_WARN_UNDECLARED_SELECTOR = YES;
				GCC_WARN_UNINITIALIZED_AUTOS = YES_AGGRESSIVE;
				GCC_WARN_UNUSED_FUNCTION = YES;
				GCC_WARN_UNUSED_VARIABLE = YES;
				IPHONEOS_DEPLOYMENT_TARGET = 13.2;
				MTL_ENABLE_DEBUG_INFO = INCLUDE_SOURCE;
				MTL_FAST_MATH = YES;
				ONLY_ACTIVE_ARCH = YES;
				SDKROOT = iphoneos;
			};
			name = Debug;
		};
		F049D08B24230E5100705088 /* Release */ = {
			isa = XCBuildConfiguration;
			buildSettings = {
				ALWAYS_SEARCH_USER_PATHS = NO;
				CLANG_ANALYZER_NONNULL = YES;
				CLANG_ANALYZER_NUMBER_OBJECT_CONVERSION = YES_AGGRESSIVE;
				CLANG_CXX_LANGUAGE_STANDARD = "gnu++14";
				CLANG_CXX_LIBRARY = "libc++";
				CLANG_ENABLE_MODULES = YES;
				CLANG_ENABLE_OBJC_ARC = YES;
				CLANG_ENABLE_OBJC_WEAK = YES;
				CLANG_WARN_BLOCK_CAPTURE_AUTORELEASING = YES;
				CLANG_WARN_BOOL_CONVERSION = YES;
				CLANG_WARN_COMMA = YES;
				CLANG_WARN_CONSTANT_CONVERSION = YES;
				CLANG_WARN_DEPRECATED_OBJC_IMPLEMENTATIONS = YES;
				CLANG_WARN_DIRECT_OBJC_ISA_USAGE = YES_ERROR;
				CLANG_WARN_DOCUMENTATION_COMMENTS = YES;
				CLANG_WARN_EMPTY_BODY = YES;
				CLANG_WARN_ENUM_CONVERSION = YES;
				CLANG_WARN_INFINITE_RECURSION = YES;
				CLANG_WARN_INT_CONVERSION = YES;
				CLANG_WARN_NON_LITERAL_NULL_CONVERSION = YES;
				CLANG_WARN_OBJC_IMPLICIT_RETAIN_SELF = YES;
				CLANG_WARN_OBJC_LITERAL_CONVERSION = YES;
				CLANG_WARN_OBJC_ROOT_CLASS = YES_ERROR;
				CLANG_WARN_RANGE_LOOP_ANALYSIS = YES;
				CLANG_WARN_STRICT_PROTOTYPES = YES;
				CLANG_WARN_SUSPICIOUS_MOVE = YES;
				CLANG_WARN_UNGUARDED_AVAILABILITY = YES_AGGRESSIVE;
				CLANG_WARN_UNREACHABLE_CODE = YES;
				CLANG_WARN__DUPLICATE_METHOD_MATCH = YES;
				COPY_PHASE_STRIP = NO;
				DEBUG_INFORMATION_FORMAT = "dwarf-with-dsym";
				ENABLE_NS_ASSERTIONS = NO;
				ENABLE_STRICT_OBJC_MSGSEND = YES;
				GCC_C_LANGUAGE_STANDARD = gnu11;
				GCC_NO_COMMON_BLOCKS = YES;
				GCC_WARN_64_TO_32_BIT_CONVERSION = YES;
				GCC_WARN_ABOUT_RETURN_TYPE = YES_ERROR;
				GCC_WARN_UNDECLARED_SELECTOR = YES;
				GCC_WARN_UNINITIALIZED_AUTOS = YES_AGGRESSIVE;
				GCC_WARN_UNUSED_FUNCTION = YES;
				GCC_WARN_UNUSED_VARIABLE = YES;
				IPHONEOS_DEPLOYMENT_TARGET = 13.2;
				MTL_ENABLE_DEBUG_INFO = NO;
				MTL_FAST_MATH = YES;
				SDKROOT = iphoneos;
				VALIDATE_PRODUCT = YES;
			};
			name = Release;
		};
		F049D08D24230E5100705088 /* Debug */ = {
			isa = XCBuildConfiguration;
			buildSettings = {
				ASSETCATALOG_COMPILER_APPICON_NAME = AppIcon;
				CODE_SIGN_STYLE = Automatic;
				DEVELOPMENT_TEAM = XXB8U247QW;
				INFOPLIST_FILE = test/Info.plist;
				LD_RUNPATH_SEARCH_PATHS = (
					"$(inherited)",
					"@executable_path/Frameworks",
				);
				PRODUCT_BUNDLE_IDENTIFIER = ww.test;
				PRODUCT_NAME = "$(TARGET_NAME)";
				TARGETED_DEVICE_FAMILY = "1,2";
			};
			name = Debug;
		};
		F049D08E24230E5100705088 /* Release */ = {
			isa = XCBuildConfiguration;
			buildSettings = {
				ASSETCATALOG_COMPILER_APPICON_NAME = AppIcon;
				CODE_SIGN_STYLE = Automatic;
				DEVELOPMENT_TEAM = XXB8U247QW;
				INFOPLIST_FILE = test/Info.plist;
				LD_RUNPATH_SEARCH_PATHS = (
					"$(inherited)",
					"@executable_path/Frameworks",
				);
				PRODUCT_BUNDLE_IDENTIFIER = ww.test;
				PRODUCT_NAME = "$(TARGET_NAME)";
				TARGETED_DEVICE_FAMILY = "1,2";
			};
			name = Release;
		};
		F049D09024230E5100705088 /* Debug */ = {
			isa = XCBuildConfiguration;
			buildSettings = {
				BUNDLE_LOADER = "$(TEST_HOST)";
				CODE_SIGN_STYLE = Automatic;
				DEVELOPMENT_TEAM = XXB8U247QW;
				INFOPLIST_FILE = testTests/Info.plist;
				IPHONEOS_DEPLOYMENT_TARGET = 13.2;
				LD_RUNPATH_SEARCH_PATHS = (
					"$(inherited)",
					"@executable_path/Frameworks",
					"@loader_path/Frameworks",
				);
				PRODUCT_BUNDLE_IDENTIFIER = ww.testTests;
				PRODUCT_NAME = "$(TARGET_NAME)";
				TARGETED_DEVICE_FAMILY = "1,2";
				TEST_HOST = "$(BUILT_PRODUCTS_DIR)/test.app/test";
			};
			name = Debug;
		};
		F049D09124230E5100705088 /* Release */ = {
			isa = XCBuildConfiguration;
			buildSettings = {
				BUNDLE_LOADER = "$(TEST_HOST)";
				CODE_SIGN_STYLE = Automatic;
				DEVELOPMENT_TEAM = XXB8U247QW;
				INFOPLIST_FILE = testTests/Info.plist;
				IPHONEOS_DEPLOYMENT_TARGET = 13.2;
				LD_RUNPATH_SEARCH_PATHS = (
					"$(inherited)",
					"@executable_path/Frameworks",
					"@loader_path/Frameworks",
				);
				PRODUCT_BUNDLE_IDENTIFIER = ww.testTests;
				PRODUCT_NAME = "$(TARGET_NAME)";
				TARGETED_DEVICE_FAMILY = "1,2";
				TEST_HOST = "$(BUILT_PRODUCTS_DIR)/test.app/test";
			};
			name = Release;
		};
		F049D09324230E5100705088 /* Debug */ = {
			isa = XCBuildConfiguration;
			buildSettings = {
				CODE_SIGN_STYLE = Automatic;
				DEVELOPMENT_TEAM = XXB8U247QW;
				INFOPLIST_FILE = testUITests/Info.plist;
				LD_RUNPATH_SEARCH_PATHS = (
					"$(inherited)",
					"@executable_path/Frameworks",
					"@loader_path/Frameworks",
				);
				PRODUCT_BUNDLE_IDENTIFIER = ww.testUITests;
				PRODUCT_NAME = "$(TARGET_NAME)";
				TARGETED_DEVICE_FAMILY = "1,2";
				TEST_TARGET_NAME = test;
			};
			name = Debug;
		};
		F049D09424230E5100705088 /* Release */ = {
			isa = XCBuildConfiguration;
			buildSettings = {
				CODE_SIGN_STYLE = Automatic;
				DEVELOPMENT_TEAM = XXB8U247QW;
				INFOPLIST_FILE = testUITests/Info.plist;
				LD_RUNPATH_SEARCH_PATHS = (
					"$(inherited)",
					"@executable_path/Frameworks",
					"@loader_path/Frameworks",
				);
				PRODUCT_BUNDLE_IDENTIFIER = ww.testUITests;
				PRODUCT_NAME = "$(TARGET_NAME)";
				TARGETED_DEVICE_FAMILY = "1,2";
				TEST_TARGET_NAME = test;
			};
			name = Release;
		};
/* End XCBuildConfiguration section */

/* Begin XCConfigurationList section */
		F049D05824230E5000705088 /* Build configuration list for PBXProject "test" */ = {
			isa = XCConfigurationList;
			buildConfigurations = (
				F049D08A24230E5100705088 /* Debug */,
				F049D08B24230E5100705088 /* Release */,
			);
			defaultConfigurationIsVisible = 0;
			defaultConfigurationName = Release;
		};
		F049D08C24230E5100705088 /* Build configuration list for PBXNativeTarget "test" */ = {
			isa = XCConfigurationList;
			buildConfigurations = (
				F049D08D24230E5100705088 /* Debug */,
				F049D08E24230E5100705088 /* Release */,
			);
			defaultConfigurationIsVisible = 0;
			defaultConfigurationName = Release;
		};
		F049D08F24230E5100705088 /* Build configuration list for PBXNativeTarget "testTests" */ = {
			isa = XCConfigurationList;
			buildConfigurations = (
				F049D09024230E5100705088 /* Debug */,
				F049D09124230E5100705088 /* Release */,
			);
			defaultConfigurationIsVisible = 0;
			defaultConfigurationName = Release;
		};
		F049D09224230E5100705088 /* Build configuration list for PBXNativeTarget "testUITests" */ = {
			isa = XCConfigurationList;
			buildConfigurations = (
				F049D09324230E5100705088 /* Debug */,
				F049D09424230E5100705088 /* Release */,
			);
			defaultConfigurationIsVisible = 0;
			defaultConfigurationName = Release;
		};
/* End XCConfigurationList section */
	};
	rootObject = F049D05524230E5000705088 /* Project object */;
}
